{
  "pins" : [
    {
      "identity" : "the-satellite",
      "kind" : "remoteSourceControl",
      "location" : "https://github.com/ku-ring/the-satellite",
      "state" : {
        "branch" : "main",
        "revision" : "a3aa99496905102105ed0299b4405045b5c3a466"
      }
    }
  ],
  "version" : 2
}
